
Microsoft Visual Studio Solution File, Format Version 12.00
# Visual Studio Version 16
VisualStudioVersion = 16.0.32630.194
MinimumVisualStudioVersion = 10.0.40219.1
Project("{FAE04EC0-301F-11D3-BF4B-00C04F79EFBC}") = "EmployeeLibraryAbstract", "EmployeeLibraryAbstract\EmployeeLibraryAbstract.csproj", "{ED0A4598-B90B-4D75-A523-8325D13AA95A}"
EndProject
Global
	GlobalSection(SolutionConfigurationPlatforms) = preSolution
		Debug|Any CPU = Debug|Any CPU
		Release|Any CPU = Release|Any CPU
	EndGlobalSection
	GlobalSection(ProjectConfigurationPlatforms) = postSolution
		{ED0A4598-B90B-4D75-A523-8325D13AA95A}.Debug|Any CPU.ActiveCfg = Debug|Any CPU
		{ED0A4598-B90B-4D75-A523-8325D13AA95A}.Debug|Any CPU.Build.0 = Debug|Any CPU
		{ED0A4598-B90B-4D75-A523-8325D13AA95A}.Release|Any CPU.ActiveCfg = Release|Any CPU
		{ED0A4598-B90B-4D75-A523-8325D13AA95A}.Release|Any CPU.Build.0 = Release|Any CPU
	EndGlobalSection
	GlobalSection(SolutionProperties) = preSolution
		HideSolutionNode = FALSE
	EndGlobalSection
	GlobalSection(ExtensibilityGlobals) = postSolution
		SolutionGuid = {A0040544-DEB8-4FF5-8294-1978CDAE61F4}
	EndGlobalSection
EndGlobal
