
Microsoft Visual Studio Solution File, Format Version 12.00
# Visual Studio Version 16
VisualStudioVersion = 16.0.32630.194
MinimumVisualStudioVersion = 10.0.40219.1
Project("{FAE04EC0-301F-11D3-BF4B-00C04F79EFBC}") = "app_network", "app_network\app_network.csproj", "{B62C6B92-B756-4175-8B29-8E6CF129DEAA}"
EndProject
Global
	GlobalSection(SolutionConfigurationPlatforms) = preSolution
		Debug|Any CPU = Debug|Any CPU
		Release|Any CPU = Release|Any CPU
	EndGlobalSection
	GlobalSection(ProjectConfigurationPlatforms) = postSolution
		{B62C6B92-B756-4175-8B29-8E6CF129DEAA}.Debug|Any CPU.ActiveCfg = Debug|Any CPU
		{B62C6B92-B756-4175-8B29-8E6CF129DEAA}.Debug|Any CPU.Build.0 = Debug|Any CPU
		{B62C6B92-B756-4175-8B29-8E6CF129DEAA}.Release|Any CPU.ActiveCfg = Release|Any CPU
		{B62C6B92-B756-4175-8B29-8E6CF129DEAA}.Release|Any CPU.Build.0 = Release|Any CPU
	EndGlobalSection
	GlobalSection(SolutionProperties) = preSolution
		HideSolutionNode = FALSE
	EndGlobalSection
	GlobalSection(ExtensibilityGlobals) = postSolution
		SolutionGuid = {3281EBD2-0D3A-49C3-97D6-81519B46E0EE}
	EndGlobalSection
EndGlobal
